dependencies:
  espressif/esp-zboss-lib:
    component_hash: b0525e1008b69b5725348a0c62d89a32a51d9b6f7799134b52dc6018e1b48b40
    dependencies:
    - name: idf
      require: private
      version: '>=5.0'
    source:
      registry_url: https://components.espressif.com/
      type: service
    version: 1.4.1
  espressif/esp-zigbee-lib:
    component_hash: c585c6912fb0486593e04348ce7843a7e3e75f59752ea39eb63d5494a3c8519a
    dependencies:
    - name: idf
      require: private
      version: '>=5.0'
    source:
      registry_url: https://components.espressif.com/
      type: service
    version: 1.4.1
  idf:
    source:
      type: idf
    version: 5.3.1
direct_dependencies:
- espressif/esp-zboss-lib
- espressif/esp-zigbee-lib
- idf
manifest_hash: 9570e9f552cbb784ad09b2ba25c15c5ebd4739eeae9e390d3d91af5a299714eb
target: esp32c6
version: 2.0.0
